{
    "name": "discord-bot",
    "version": "1.0.0",
    "lockfileVersion": 2,
    "requires": true,
    "packages": {
        "": {
            "name": "discord-bot",
            "version": "1.0.0",
            "license": "ISC",
            "dependencies": {
                "chatgpt": "^4.8.1",
                "discord.js": "^14.7.1",
                "dotenv": "^16.0.3",
                "node-fetch": "^3.3.0",
                "unfetch": "^5.0.0"
            }
        },
        "node_modules/@babel/code-frame": {
            "version": "7.18.6",
            "license": "MIT",
            "dependencies": {
                "@babel/highlight": "^7.18.6"
            },
            "engines": {
                "node": ">=6.9.0"
            }
        },
        "node_modules/@babel/helper-validator-identifier": {
            "version": "7.19.1",
            "license": "MIT",
            "engines": {
                "node": ">=6.9.0"
            }
        },
        "node_modules/@babel/highlight": {
            "version": "7.18.6",
            "license": "MIT",
            "dependencies": {
                "@babel/helper-validator-identifier": "^7.18.6",
                "chalk": "^2.0.0",
                "js-tokens": "^4.0.0"
            },
            "engines": {
                "node": ">=6.9.0"
            }
        },
        "node_modules/@discordjs/builders": {
            "version": "1.4.0",
            "license": "Apache-2.0",
            "dependencies": {
                "@discordjs/util": "^0.1.0",
                "@sapphire/shapeshift": "^3.7.1",
                "discord-api-types": "^0.37.20",
                "fast-deep-equal": "^3.1.3",
                "ts-mixer": "^6.0.2",
                "tslib": "^2.4.1"
            },
            "engines": {
                "node": ">=16.9.0"
            }
        },
        "node_modules/@discordjs/collection": {
            "version": "1.3.0",
            "license": "Apache-2.0",
            "engines": {
                "node": ">=16.9.0"
            }
        },
        "node_modules/@discordjs/rest": {
            "version": "1.5.0",
            "license": "Apache-2.0",
            "dependencies": {
                "@discordjs/collection": "^1.3.0",
                "@discordjs/util": "^0.1.0",
                "@sapphire/async-queue": "^1.5.0",
                "@sapphire/snowflake": "^3.2.2",
                "discord-api-types": "^0.37.23",
                "file-type": "^18.0.0",
                "tslib": "^2.4.1",
                "undici": "^5.13.0"
            },
            "engines": {
                "node": ">=16.9.0"
            }
        },
        "node_modules/@discordjs/util": {
            "version": "0.1.0",
            "license": "Apache-2.0",
            "engines": {
                "node": ">=16.9.0"
            }
        },
        "node_modules/@dqbd/tiktoken": {
            "version": "0.4.0",
            "license": "Apache-2.0"
        },
        "node_modules/@sapphire/async-queue": {
            "version": "1.5.0",
            "license": "MIT",
            "engines": {
                "node": ">=v14.0.0",
                "npm": ">=7.0.0"
            }
        },
        "node_modules/@sapphire/shapeshift": {
            "version": "3.8.1",
            "license": "MIT",
            "dependencies": {
                "fast-deep-equal": "^3.1.3",
                "lodash": "^4.17.21"
            },
            "engines": {
                "node": ">=v14.0.0",
                "npm": ">=7.0.0"
            }
        },
        "node_modules/@sapphire/snowflake": {
            "version": "3.4.0",
            "license": "MIT",
            "engines": {
                "node": ">=v14.0.0",
                "npm": ">=7.0.0"
            }
        },
        "node_modules/@tokenizer/token": {
            "version": "0.3.0",
            "license": "MIT"
        },
        "node_modules/@types/node": {
            "version": "18.14.2",
            "license": "MIT"
        },
        "node_modules/@types/normalize-package-data": {
            "version": "2.4.1",
            "license": "MIT"
        },
        "node_modules/@types/ws": {
            "version": "8.5.4",
            "license": "MIT",
            "dependencies": {
                "@types/node": "*"
            }
        },
        "node_modules/ajv": {
            "version": "8.12.0",
            "license": "MIT",
            "dependencies": {
                "fast-deep-equal": "^3.1.1",
                "json-schema-traverse": "^1.0.0",
                "require-from-string": "^2.0.2",
                "uri-js": "^4.2.2"
            },
            "funding": {
                "type": "github",
                "url": "https://github.com/sponsors/epoberezkin"
            }
        },
        "node_modules/ajv-formats": {
            "version": "2.1.1",
            "license": "MIT",
            "dependencies": {
                "ajv": "^8.0.0"
            },
            "peerDependencies": {
                "ajv": "^8.0.0"
            },
            "peerDependenciesMeta": {
                "ajv": {
                    "optional": true
                }
            }
        },
        "node_modules/ansi-styles": {
            "version": "3.2.1",
            "license": "MIT",
            "dependencies": {
                "color-convert": "^1.9.0"
            },
            "engines": {
                "node": ">=4"
            }
        },
        "node_modules/atomically": {
            "version": "2.0.1",
            "dependencies": {
                "stubborn-fs": "^1.2.4",
                "when-exit": "^2.0.0"
            }
        },
        "node_modules/busboy": {
            "version": "1.6.0",
            "dependencies": {
                "streamsearch": "^1.1.0"
            },
            "engines": {
                "node": ">=10.16.0"
            }
        },
        "node_modules/cac": {
            "version": "6.7.14",
            "license": "MIT",
            "engines": {
                "node": ">=8"
            }
        },
        "node_modules/chalk": {
            "version": "2.4.2",
            "license": "MIT",
            "dependencies": {
                "ansi-styles": "^3.2.1",
                "escape-string-regexp": "^1.0.5",
                "supports-color": "^5.3.0"
            },
            "engines": {
                "node": ">=4"
            }
        },
        "node_modules/chatgpt": {
            "version": "4.8.2",
            "license": "MIT",
            "dependencies": {
                "@dqbd/tiktoken": "^0.4.0",
                "cac": "^6.7.14",
                "conf": "^11.0.1",
                "eventsource-parser": "^0.0.5",
                "keyv": "^4.5.2",
                "p-timeout": "^6.0.0",
                "quick-lru": "^6.1.1",
                "read-pkg-up": "^9.1.0",
                "uuid": "^9.0.0"
            },
            "bin": {
                "chatgpt": "bin/cli.js"
            },
            "engines": {
                "node": ">=14"
            }
        },
        "node_modules/color-convert": {
            "version": "1.9.3",
            "license": "MIT",
            "dependencies": {
                "color-name": "1.1.3"
            }
        },
        "node_modules/color-name": {
            "version": "1.1.3",
            "license": "MIT"
        },
        "node_modules/conf": {
            "version": "11.0.1",
            "license": "MIT",
            "dependencies": {
                "ajv": "^8.12.0",
                "ajv-formats": "^2.1.1",
                "atomically": "^2.0.0",
                "debounce-fn": "^5.1.2",
                "dot-prop": "^7.2.0",
                "env-paths": "^3.0.0",
                "json-schema-typed": "^8.0.1",
                "semver": "^7.3.8"
            },
            "engines": {
                "node": ">=14.16"
            },
            "funding": {
                "url": "https://github.com/sponsors/sindresorhus"
            }
        },
        "node_modules/data-uri-to-buffer": {
            "version": "4.0.1",
            "license": "MIT",
            "engines": {
                "node": ">= 12"
            }
        },
        "node_modules/debounce-fn": {
            "version": "5.1.2",
            "license": "MIT",
            "dependencies": {
                "mimic-fn": "^4.0.0"
            },
            "engines": {
                "node": ">=12"
            },
            "funding": {
                "url": "https://github.com/sponsors/sindresorhus"
            }
        },
        "node_modules/discord-api-types": {
            "version": "0.37.35",
            "license": "MIT"
        },
        "node_modules/discord.js": {
            "version": "14.7.1",
            "license": "Apache-2.0",
            "dependencies": {
                "@discordjs/builders": "^1.4.0",
                "@discordjs/collection": "^1.3.0",
                "@discordjs/rest": "^1.4.0",
                "@discordjs/util": "^0.1.0",
                "@sapphire/snowflake": "^3.2.2",
                "@types/ws": "^8.5.3",
                "discord-api-types": "^0.37.20",
                "fast-deep-equal": "^3.1.3",
                "lodash.snakecase": "^4.1.1",
                "tslib": "^2.4.1",
                "undici": "^5.13.0",
                "ws": "^8.11.0"
            },
            "engines": {
                "node": ">=16.9.0"
            }
        },
        "node_modules/dot-prop": {
            "version": "7.2.0",
            "license": "MIT",
            "dependencies": {
                "type-fest": "^2.11.2"
            },
            "engines": {
                "node": "^12.20.0 || ^14.13.1 || >=16.0.0"
            },
            "funding": {
                "url": "https://github.com/sponsors/sindresorhus"
            }
        },
        "node_modules/dotenv": {
            "version": "16.0.3",
            "license": "BSD-2-Clause",
            "engines": {
                "node": ">=12"
            }
        },
        "node_modules/env-paths": {
            "version": "3.0.0",
            "license": "MIT",
            "engines": {
                "node": "^12.20.0 || ^14.13.1 || >=16.0.0"
            },
            "funding": {
                "url": "https://github.com/sponsors/sindresorhus"
            }
        },
        "node_modules/error-ex": {
            "version": "1.3.2",
            "license": "MIT",
            "dependencies": {
                "is-arrayish": "^0.2.1"
            }
        },
        "node_modules/escape-string-regexp": {
            "version": "1.0.5",
            "license": "MIT",
            "engines": {
                "node": ">=0.8.0"
            }
        },
        "node_modules/eventsource-parser": {
            "version": "0.0.5",
            "license": "MIT",
            "engines": {
                "node": ">=12"
            }
        },
        "node_modules/fast-deep-equal": {
            "version": "3.1.3",
            "license": "MIT"
        },
        "node_modules/fetch-blob": {
            "version": "3.2.0",
            "funding": [
                {
                    "type": "github",
                    "url": "https://github.com/sponsors/jimmywarting"
                },
                {
                    "type": "paypal",
                    "url": "https://paypal.me/jimmywarting"
                }
            ],
            "license": "MIT",
            "dependencies": {
                "node-domexception": "^1.0.0",
                "web-streams-polyfill": "^3.0.3"
            },
            "engines": {
                "node": "^12.20 || >= 14.13"
            }
        },
        "node_modules/file-type": {
            "version": "18.2.1",
            "license": "MIT",
            "dependencies": {
                "readable-web-to-node-stream": "^3.0.2",
                "strtok3": "^7.0.0",
                "token-types": "^5.0.1"
            },
            "engines": {
                "node": ">=14.16"
            },
            "funding": {
                "url": "https://github.com/sindresorhus/file-type?sponsor=1"
            }
        },
        "node_modules/find-up": {
            "version": "6.3.0",
            "license": "MIT",
            "dependencies": {
                "locate-path": "^7.1.0",
                "path-exists": "^5.0.0"
            },
            "engines": {
                "node": "^12.20.0 || ^14.13.1 || >=16.0.0"
            },
            "funding": {
                "url": "https://github.com/sponsors/sindresorhus"
            }
        },
        "node_modules/formdata-polyfill": {
            "version": "4.0.10",
            "license": "MIT",
            "dependencies": {
                "fetch-blob": "^3.1.2"
            },
            "engines": {
                "node": ">=12.20.0"
            }
        },
        "node_modules/function-bind": {
            "version": "1.1.1",
            "license": "MIT"
        },
        "node_modules/has": {
            "version": "1.0.3",
            "license": "MIT",
            "dependencies": {
                "function-bind": "^1.1.1"
            },
            "engines": {
                "node": ">= 0.4.0"
            }
        },
        "node_modules/has-flag": {
            "version": "3.0.0",
            "license": "MIT",
            "engines": {
                "node": ">=4"
            }
        },
        "node_modules/hosted-git-info": {
            "version": "4.1.0",
            "license": "ISC",
            "dependencies": {
                "lru-cache": "^6.0.0"
            },
            "engines": {
                "node": ">=10"
            }
        },
        "node_modules/ieee754": {
            "version": "1.2.1",
            "funding": [
                {
                    "type": "github",
                    "url": "https://github.com/sponsors/feross"
                },
                {
                    "type": "patreon",
                    "url": "https://www.patreon.com/feross"
                },
                {
                    "type": "consulting",
                    "url": "https://feross.org/support"
                }
            ],
            "license": "BSD-3-Clause"
        },
        "node_modules/inherits": {
            "version": "2.0.4",
            "license": "ISC"
        },
        "node_modules/is-arrayish": {
            "version": "0.2.1",
            "license": "MIT"
        },
        "node_modules/is-core-module": {
            "version": "2.11.0",
            "license": "MIT",
            "dependencies": {
                "has": "^1.0.3"
            },
            "funding": {
                "url": "https://github.com/sponsors/ljharb"
            }
        },
        "node_modules/js-tokens": {
            "version": "4.0.0",
            "license": "MIT"
        },
        "node_modules/json-buffer": {
            "version": "3.0.1",
            "license": "MIT"
        },
        "node_modules/json-parse-even-better-errors": {
            "version": "2.3.1",
            "license": "MIT"
        },
        "node_modules/json-schema-traverse": {
            "version": "1.0.0",
            "license": "MIT"
        },
        "node_modules/json-schema-typed": {
            "version": "8.0.1",
            "license": "BSD-2-Clause"
        },
        "node_modules/keyv": {
            "version": "4.5.2",
            "license": "MIT",
            "dependencies": {
                "json-buffer": "3.0.1"
            }
        },
        "node_modules/lines-and-columns": {
            "version": "1.2.4",
            "license": "MIT"
        },
        "node_modules/locate-path": {
            "version": "7.2.0",
            "license": "MIT",
            "dependencies": {
                "p-locate": "^6.0.0"
            },
            "engines": {
                "node": "^12.20.0 || ^14.13.1 || >=16.0.0"
            },
            "funding": {
                "url": "https://github.com/sponsors/sindresorhus"
            }
        },
        "node_modules/lodash": {
            "version": "4.17.21",
            "license": "MIT"
        },
        "node_modules/lodash.snakecase": {
            "version": "4.1.1",
            "license": "MIT"
        },
        "node_modules/lru-cache": {
            "version": "6.0.0",
            "license": "ISC",
            "dependencies": {
                "yallist": "^4.0.0"
            },
            "engines": {
                "node": ">=10"
            }
        },
        "node_modules/mimic-fn": {
            "version": "4.0.0",
            "license": "MIT",
            "engines": {
                "node": ">=12"
            },
            "funding": {
                "url": "https://github.com/sponsors/sindresorhus"
            }
        },
        "node_modules/node-domexception": {
            "version": "1.0.0",
            "funding": [
                {
                    "type": "github",
                    "url": "https://github.com/sponsors/jimmywarting"
                },
                {
                    "type": "github",
                    "url": "https://paypal.me/jimmywarting"
                }
            ],
            "license": "MIT",
            "engines": {
                "node": ">=10.5.0"
            }
        },
        "node_modules/node-fetch": {
            "version": "3.3.0",
            "license": "MIT",
            "dependencies": {
                "data-uri-to-buffer": "^4.0.0",
                "fetch-blob": "^3.1.4",
                "formdata-polyfill": "^4.0.10"
            },
            "engines": {
                "node": "^12.20.0 || ^14.13.1 || >=16.0.0"
            },
            "funding": {
                "type": "opencollective",
                "url": "https://opencollective.com/node-fetch"
            }
        },
        "node_modules/normalize-package-data": {
            "version": "3.0.3",
            "license": "BSD-2-Clause",
            "dependencies": {
                "hosted-git-info": "^4.0.1",
                "is-core-module": "^2.5.0",
                "semver": "^7.3.4",
                "validate-npm-package-license": "^3.0.1"
            },
            "engines": {
                "node": ">=10"
            }
        },
        "node_modules/p-limit": {
            "version": "4.0.0",
            "license": "MIT",
            "dependencies": {
                "yocto-queue": "^1.0.0"
            },
            "engines": {
                "node": "^12.20.0 || ^14.13.1 || >=16.0.0"
            },
            "funding": {
                "url": "https://github.com/sponsors/sindresorhus"
            }
        },
        "node_modules/p-locate": {
            "version": "6.0.0",
            "license": "MIT",
            "dependencies": {
                "p-limit": "^4.0.0"
            },
            "engines": {
                "node": "^12.20.0 || ^14.13.1 || >=16.0.0"
            },
            "funding": {
                "url": "https://github.com/sponsors/sindresorhus"
            }
        },
        "node_modules/p-timeout": {
            "version": "6.1.1",
            "license": "MIT",
            "engines": {
                "node": ">=14.16"
            },
            "funding": {
                "url": "https://github.com/sponsors/sindresorhus"
            }
        },
        "node_modules/parse-json": {
            "version": "5.2.0",
            "license": "MIT",
            "dependencies": {
                "@babel/code-frame": "^7.0.0",
                "error-ex": "^1.3.1",
                "json-parse-even-better-errors": "^2.3.0",
                "lines-and-columns": "^1.1.6"
            },
            "engines": {
                "node": ">=8"
            },
            "funding": {
                "url": "https://github.com/sponsors/sindresorhus"
            }
        },
        "node_modules/path-exists": {
            "version": "5.0.0",
            "license": "MIT",
            "engines": {
                "node": "^12.20.0 || ^14.13.1 || >=16.0.0"
            }
        },
        "node_modules/peek-readable": {
            "version": "5.0.0",
            "license": "MIT",
            "engines": {
                "node": ">=14.16"
            },
            "funding": {
                "type": "github",
                "url": "https://github.com/sponsors/Borewit"
            }
        },
        "node_modules/punycode": {
            "version": "2.3.0",
            "license": "MIT",
            "engines": {
                "node": ">=6"
            }
        },
        "node_modules/quick-lru": {
            "version": "6.1.1",
            "license": "MIT",
            "engines": {
                "node": ">=12"
            },
            "funding": {
                "url": "https://github.com/sponsors/sindresorhus"
            }
        },
        "node_modules/read-pkg": {
            "version": "7.1.0",
            "license": "MIT",
            "dependencies": {
                "@types/normalize-package-data": "^2.4.1",
                "normalize-package-data": "^3.0.2",
                "parse-json": "^5.2.0",
                "type-fest": "^2.0.0"
            },
            "engines": {
                "node": ">=12.20"
            },
            "funding": {
                "url": "https://github.com/sponsors/sindresorhus"
            }
        },
        "node_modules/read-pkg-up": {
            "version": "9.1.0",
            "license": "MIT",
            "dependencies": {
                "find-up": "^6.3.0",
                "read-pkg": "^7.1.0",
                "type-fest": "^2.5.0"
            },
            "engines": {
                "node": "^12.20.0 || ^14.13.1 || >=16.0.0"
            },
            "funding": {
                "url": "https://github.com/sponsors/sindresorhus"
            }
        },
        "node_modules/readable-stream": {
            "version": "3.6.1",
            "license": "MIT",
            "dependencies": {
                "inherits": "^2.0.3",
                "string_decoder": "^1.1.1",
                "util-deprecate": "^1.0.1"
            },
            "engines": {
                "node": ">= 6"
            }
        },
        "node_modules/readable-web-to-node-stream": {
            "version": "3.0.2",
            "license": "MIT",
            "dependencies": {
                "readable-stream": "^3.6.0"
            },
            "engines": {
                "node": ">=8"
            },
            "funding": {
                "type": "github",
                "url": "https://github.com/sponsors/Borewit"
            }
        },
        "node_modules/require-from-string": {
            "version": "2.0.2",
            "license": "MIT",
            "engines": {
                "node": ">=0.10.0"
            }
        },
        "node_modules/safe-buffer": {
            "version": "5.2.1",
            "funding": [
                {
                    "type": "github",
                    "url": "https://github.com/sponsors/feross"
                },
                {
                    "type": "patreon",
                    "url": "https://www.patreon.com/feross"
                },
                {
                    "type": "consulting",
                    "url": "https://feross.org/support"
                }
            ],
            "license": "MIT"
        },
        "node_modules/semver": {
            "version": "7.3.8",
            "license": "ISC",
            "dependencies": {
                "lru-cache": "^6.0.0"
            },
            "bin": {
                "semver": "bin/semver.js"
            },
            "engines": {
                "node": ">=10"
            }
        },
        "node_modules/spdx-correct": {
            "version": "3.1.1",
            "license": "Apache-2.0",
            "dependencies": {
                "spdx-expression-parse": "^3.0.0",
                "spdx-license-ids": "^3.0.0"
            }
        },
        "node_modules/spdx-exceptions": {
            "version": "2.3.0",
            "license": "CC-BY-3.0"
        },
        "node_modules/spdx-expression-parse": {
            "version": "3.0.1",
            "license": "MIT",
            "dependencies": {
                "spdx-exceptions": "^2.1.0",
                "spdx-license-ids": "^3.0.0"
            }
        },
        "node_modules/spdx-license-ids": {
            "version": "3.0.12",
            "license": "CC0-1.0"
        },
        "node_modules/streamsearch": {
            "version": "1.1.0",
            "engines": {
                "node": ">=10.0.0"
            }
        },
        "node_modules/string_decoder": {
            "version": "1.3.0",
            "license": "MIT",
            "dependencies": {
                "safe-buffer": "~5.2.0"
            }
        },
        "node_modules/strtok3": {
            "version": "7.0.0",
            "license": "MIT",
            "dependencies": {
                "@tokenizer/token": "^0.3.0",
                "peek-readable": "^5.0.0"
            },
            "engines": {
                "node": ">=14.16"
            },
            "funding": {
                "type": "github",
                "url": "https://github.com/sponsors/Borewit"
            }
        },
        "node_modules/stubborn-fs": {
            "version": "1.2.4"
        },
        "node_modules/supports-color": {
            "version": "5.5.0",
            "license": "MIT",
            "dependencies": {
                "has-flag": "^3.0.0"
            },
            "engines": {
                "node": ">=4"
            }
        },
        "node_modules/token-types": {
            "version": "5.0.1",
            "license": "MIT",
            "dependencies": {
                "@tokenizer/token": "^0.3.0",
                "ieee754": "^1.2.1"
            },
            "engines": {
                "node": ">=14.16"
            },
            "funding": {
                "type": "github",
                "url": "https://github.com/sponsors/Borewit"
            }
        },
        "node_modules/ts-mixer": {
            "version": "6.0.3",
            "license": "MIT"
        },
        "node_modules/tslib": {
            "version": "2.5.0",
            "license": "0BSD"
        },
        "node_modules/type-fest": {
            "version": "2.19.0",
            "license": "(MIT OR CC0-1.0)",
            "engines": {
                "node": ">=12.20"
            },
            "funding": {
                "url": "https://github.com/sponsors/sindresorhus"
            }
        },
        "node_modules/undici": {
            "version": "5.20.0",
            "license": "MIT",
            "dependencies": {
                "busboy": "^1.6.0"
            },
            "engines": {
                "node": ">=12.18"
            }
        },
        "node_modules/unfetch": {
            "version": "5.0.0",
            "resolved": "https://registry.npmjs.org/unfetch/-/unfetch-5.0.0.tgz",
            "integrity": "sha512-3xM2c89siXg0nHvlmYsQ2zkLASvVMBisZm5lF3gFDqfF2xonNStDJyMpvaOBe0a1Edxmqrf2E0HBdmy9QyZaeg=="
        },
        "node_modules/uri-js": {
            "version": "4.4.1",
            "license": "BSD-2-Clause",
            "dependencies": {
                "punycode": "^2.1.0"
            }
        },
        "node_modules/util-deprecate": {
            "version": "1.0.2",
            "license": "MIT"
        },
        "node_modules/uuid": {
            "version": "9.0.0",
            "license": "MIT",
            "bin": {
                "uuid": "dist/bin/uuid"
            }
        },
        "node_modules/validate-npm-package-license": {
            "version": "3.0.4",
            "license": "Apache-2.0",
            "dependencies": {
                "spdx-correct": "^3.0.0",
                "spdx-expression-parse": "^3.0.0"
            }
        },
        "node_modules/web-streams-polyfill": {
            "version": "3.2.1",
            "license": "MIT",
            "engines": {
                "node": ">= 8"
            }
        },
        "node_modules/when-exit": {
            "version": "2.1.0"
        },
        "node_modules/ws": {
            "version": "8.12.1",
            "license": "MIT",
            "engines": {
                "node": ">=10.0.0"
            },
            "peerDependencies": {
                "bufferutil": "^4.0.1",
                "utf-8-validate": ">=5.0.2"
            },
            "peerDependenciesMeta": {
                "bufferutil": {
                    "optional": true
                },
                "utf-8-validate": {
                    "optional": true
                }
            }
        },
        "node_modules/yallist": {
            "version": "4.0.0",
            "license": "ISC"
        },
        "node_modules/yocto-queue": {
            "version": "1.0.0",
            "license": "MIT",
            "engines": {
                "node": ">=12.20"
            },
            "funding": {
                "url": "https://github.com/sponsors/sindresorhus"
            }
        }
    },
    "dependencies": {
        "@babel/code-frame": {
            "version": "7.18.6",
            "requires": {
                "@babel/highlight": "^7.18.6"
            }
        },
        "@babel/helper-validator-identifier": {
            "version": "7.19.1"
        },
        "@babel/highlight": {
            "version": "7.18.6",
            "requires": {
                "@babel/helper-validator-identifier": "^7.18.6",
                "chalk": "^2.0.0",
                "js-tokens": "^4.0.0"
            }
        },
        "@discordjs/builders": {
            "version": "1.4.0",
            "requires": {
                "@discordjs/util": "^0.1.0",
                "@sapphire/shapeshift": "^3.7.1",
                "discord-api-types": "^0.37.20",
                "fast-deep-equal": "^3.1.3",
                "ts-mixer": "^6.0.2",
                "tslib": "^2.4.1"
            }
        },
        "@discordjs/collection": {
            "version": "1.3.0"
        },
        "@discordjs/rest": {
            "version": "1.5.0",
            "requires": {
                "@discordjs/collection": "^1.3.0",
                "@discordjs/util": "^0.1.0",
                "@sapphire/async-queue": "^1.5.0",
                "@sapphire/snowflake": "^3.2.2",
                "discord-api-types": "^0.37.23",
                "file-type": "^18.0.0",
                "tslib": "^2.4.1",
                "undici": "^5.13.0"
            }
        },
        "@discordjs/util": {
            "version": "0.1.0"
        },
        "@dqbd/tiktoken": {
            "version": "0.4.0"
        },
        "@sapphire/async-queue": {
            "version": "1.5.0"
        },
        "@sapphire/shapeshift": {
            "version": "3.8.1",
            "requires": {
                "fast-deep-equal": "^3.1.3",
                "lodash": "^4.17.21"
            }
        },
        "@sapphire/snowflake": {
            "version": "3.4.0"
        },
        "@tokenizer/token": {
            "version": "0.3.0"
        },
        "@types/node": {
            "version": "18.14.2"
        },
        "@types/normalize-package-data": {
            "version": "2.4.1"
        },
        "@types/ws": {
            "version": "8.5.4",
            "requires": {
                "@types/node": "*"
            }
        },
        "ajv": {
            "version": "8.12.0",
            "requires": {
                "fast-deep-equal": "^3.1.1",
                "json-schema-traverse": "^1.0.0",
                "require-from-string": "^2.0.2",
                "uri-js": "^4.2.2"
            }
        },
        "ajv-formats": {
            "version": "2.1.1",
            "requires": {
                "ajv": "^8.0.0"
            }
        },
        "ansi-styles": {
            "version": "3.2.1",
            "requires": {
                "color-convert": "^1.9.0"
            }
        },
        "atomically": {
            "version": "2.0.1",
            "requires": {
                "stubborn-fs": "^1.2.4",
                "when-exit": "^2.0.0"
            }
        },
        "busboy": {
            "version": "1.6.0",
            "requires": {
                "streamsearch": "^1.1.0"
            }
        },
        "cac": {
            "version": "6.7.14"
        },
        "chalk": {
            "version": "2.4.2",
            "requires": {
                "ansi-styles": "^3.2.1",
                "escape-string-regexp": "^1.0.5",
                "supports-color": "^5.3.0"
            }
        },
        "chatgpt": {
            "version": "4.8.2",
            "requires": {
                "@dqbd/tiktoken": "^0.4.0",
                "cac": "^6.7.14",
                "conf": "^11.0.1",
                "eventsource-parser": "^0.0.5",
                "keyv": "^4.5.2",
                "p-timeout": "^6.0.0",
                "quick-lru": "^6.1.1",
                "read-pkg-up": "^9.1.0",
                "uuid": "^9.0.0"
            }
        },
        "color-convert": {
            "version": "1.9.3",
            "requires": {
                "color-name": "1.1.3"
            }
        },
        "color-name": {
            "version": "1.1.3"
        },
        "conf": {
            "version": "11.0.1",
            "requires": {
                "ajv": "^8.12.0",
                "ajv-formats": "^2.1.1",
                "atomically": "^2.0.0",
                "debounce-fn": "^5.1.2",
                "dot-prop": "^7.2.0",
                "env-paths": "^3.0.0",
                "json-schema-typed": "^8.0.1",
                "semver": "^7.3.8"
            }
        },
        "data-uri-to-buffer": {
            "version": "4.0.1"
        },
        "debounce-fn": {
            "version": "5.1.2",
            "requires": {
                "mimic-fn": "^4.0.0"
            }
        },
        "discord-api-types": {
            "version": "0.37.35"
        },
        "discord.js": {
            "version": "14.7.1",
            "requires": {
                "@discordjs/builders": "^1.4.0",
                "@discordjs/collection": "^1.3.0",
                "@discordjs/rest": "^1.4.0",
                "@discordjs/util": "^0.1.0",
                "@sapphire/snowflake": "^3.2.2",
                "@types/ws": "^8.5.3",
                "discord-api-types": "^0.37.20",
                "fast-deep-equal": "^3.1.3",
                "lodash.snakecase": "^4.1.1",
                "tslib": "^2.4.1",
                "undici": "^5.13.0",
                "ws": "^8.11.0"
            }
        },
        "dot-prop": {
            "version": "7.2.0",
            "requires": {
                "type-fest": "^2.11.2"
            }
        },
        "dotenv": {
            "version": "16.0.3"
        },
        "env-paths": {
            "version": "3.0.0"
        },
        "error-ex": {
            "version": "1.3.2",
            "requires": {
                "is-arrayish": "^0.2.1"
            }
        },
        "escape-string-regexp": {
            "version": "1.0.5"
        },
        "eventsource-parser": {
            "version": "0.0.5"
        },
        "fast-deep-equal": {
            "version": "3.1.3"
        },
        "fetch-blob": {
            "version": "3.2.0",
            "requires": {
                "node-domexception": "^1.0.0",
                "web-streams-polyfill": "^3.0.3"
            }
        },
        "file-type": {
            "version": "18.2.1",
            "requires": {
                "readable-web-to-node-stream": "^3.0.2",
                "strtok3": "^7.0.0",
                "token-types": "^5.0.1"
            }
        },
        "find-up": {
            "version": "6.3.0",
            "requires": {
                "locate-path": "^7.1.0",
                "path-exists": "^5.0.0"
            }
        },
        "formdata-polyfill": {
            "version": "4.0.10",
            "requires": {
                "fetch-blob": "^3.1.2"
            }
        },
        "function-bind": {
            "version": "1.1.1"
        },
        "has": {
            "version": "1.0.3",
            "requires": {
                "function-bind": "^1.1.1"
            }
        },
        "has-flag": {
            "version": "3.0.0"
        },
        "hosted-git-info": {
            "version": "4.1.0",
            "requires": {
                "lru-cache": "^6.0.0"
            }
        },
        "ieee754": {
            "version": "1.2.1"
        },
        "inherits": {
            "version": "2.0.4"
        },
        "is-arrayish": {
            "version": "0.2.1"
        },
        "is-core-module": {
            "version": "2.11.0",
            "requires": {
                "has": "^1.0.3"
            }
        },
        "js-tokens": {
            "version": "4.0.0"
        },
        "json-buffer": {
            "version": "3.0.1"
        },
        "json-parse-even-better-errors": {
            "version": "2.3.1"
        },
        "json-schema-traverse": {
            "version": "1.0.0"
        },
        "json-schema-typed": {
            "version": "8.0.1"
        },
        "keyv": {
            "version": "4.5.2",
            "requires": {
                "json-buffer": "3.0.1"
            }
        },
        "lines-and-columns": {
            "version": "1.2.4"
        },
        "locate-path": {
            "version": "7.2.0",
            "requires": {
                "p-locate": "^6.0.0"
            }
        },
        "lodash": {
            "version": "4.17.21"
        },
        "lodash.snakecase": {
            "version": "4.1.1"
        },
        "lru-cache": {
            "version": "6.0.0",
            "requires": {
                "yallist": "^4.0.0"
            }
        },
        "mimic-fn": {
            "version": "4.0.0"
        },
        "node-domexception": {
            "version": "1.0.0"
        },
        "node-fetch": {
            "version": "3.3.0",
            "requires": {
                "data-uri-to-buffer": "^4.0.0",
                "fetch-blob": "^3.1.4",
                "formdata-polyfill": "^4.0.10"
            }
        },
        "normalize-package-data": {
            "version": "3.0.3",
            "requires": {
                "hosted-git-info": "^4.0.1",
                "is-core-module": "^2.5.0",
                "semver": "^7.3.4",
                "validate-npm-package-license": "^3.0.1"
            }
        },
        "p-limit": {
            "version": "4.0.0",
            "requires": {
                "yocto-queue": "^1.0.0"
            }
        },
        "p-locate": {
            "version": "6.0.0",
            "requires": {
                "p-limit": "^4.0.0"
            }
        },
        "p-timeout": {
            "version": "6.1.1"
        },
        "parse-json": {
            "version": "5.2.0",
            "requires": {
                "@babel/code-frame": "^7.0.0",
                "error-ex": "^1.3.1",
                "json-parse-even-better-errors": "^2.3.0",
                "lines-and-columns": "^1.1.6"
            }
        },
        "path-exists": {
            "version": "5.0.0"
        },
        "peek-readable": {
            "version": "5.0.0"
        },
        "punycode": {
            "version": "2.3.0"
        },
        "quick-lru": {
            "version": "6.1.1"
        },
        "read-pkg": {
            "version": "7.1.0",
            "requires": {
                "@types/normalize-package-data": "^2.4.1",
                "normalize-package-data": "^3.0.2",
                "parse-json": "^5.2.0",
                "type-fest": "^2.0.0"
            }
        },
        "read-pkg-up": {
            "version": "9.1.0",
            "requires": {
                "find-up": "^6.3.0",
                "read-pkg": "^7.1.0",
                "type-fest": "^2.5.0"
            }
        },
        "readable-stream": {
            "version": "3.6.1",
            "requires": {
                "inherits": "^2.0.3",
                "string_decoder": "^1.1.1",
                "util-deprecate": "^1.0.1"
            }
        },
        "readable-web-to-node-stream": {
            "version": "3.0.2",
            "requires": {
                "readable-stream": "^3.6.0"
            }
        },
        "require-from-string": {
            "version": "2.0.2"
        },
        "safe-buffer": {
            "version": "5.2.1"
        },
        "semver": {
            "version": "7.3.8",
            "requires": {
                "lru-cache": "^6.0.0"
            }
        },
        "spdx-correct": {
            "version": "3.1.1",
            "requires": {
                "spdx-expression-parse": "^3.0.0",
                "spdx-license-ids": "^3.0.0"
            }
        },
        "spdx-exceptions": {
            "version": "2.3.0"
        },
        "spdx-expression-parse": {
            "version": "3.0.1",
            "requires": {
                "spdx-exceptions": "^2.1.0",
                "spdx-license-ids": "^3.0.0"
            }
        },
        "spdx-license-ids": {
            "version": "3.0.12"
        },
        "streamsearch": {
            "version": "1.1.0"
        },
        "string_decoder": {
            "version": "1.3.0",
            "requires": {
                "safe-buffer": "~5.2.0"
            }
        },
        "strtok3": {
            "version": "7.0.0",
            "requires": {
                "@tokenizer/token": "^0.3.0",
                "peek-readable": "^5.0.0"
            }
        },
        "stubborn-fs": {
            "version": "1.2.4"
        },
        "supports-color": {
            "version": "5.5.0",
            "requires": {
                "has-flag": "^3.0.0"
            }
        },
        "token-types": {
            "version": "5.0.1",
            "requires": {
                "@tokenizer/token": "^0.3.0",
                "ieee754": "^1.2.1"
            }
        },
        "ts-mixer": {
            "version": "6.0.3"
        },
        "tslib": {
            "version": "2.5.0"
        },
        "type-fest": {
            "version": "2.19.0"
        },
        "undici": {
            "version": "5.20.0",
            "requires": {
                "busboy": "^1.6.0"
            }
        },
        "unfetch": {
            "version": "5.0.0",
            "resolved": "https://registry.npmjs.org/unfetch/-/unfetch-5.0.0.tgz",
            "integrity": "sha512-3xM2c89siXg0nHvlmYsQ2zkLASvVMBisZm5lF3gFDqfF2xonNStDJyMpvaOBe0a1Edxmqrf2E0HBdmy9QyZaeg=="
        },
        "uri-js": {
            "version": "4.4.1",
            "requires": {
                "punycode": "^2.1.0"
            }
        },
        "util-deprecate": {
            "version": "1.0.2"
        },
        "uuid": {
            "version": "9.0.0"
        },
        "validate-npm-package-license": {
            "version": "3.0.4",
            "requires": {
                "spdx-correct": "^3.0.0",
                "spdx-expression-parse": "^3.0.0"
            }
        },
        "web-streams-polyfill": {
            "version": "3.2.1"
        },
        "when-exit": {
            "version": "2.1.0"
        },
        "ws": {
            "version": "8.12.1",
            "requires": {}
        },
        "yallist": {
            "version": "4.0.0"
        },
        "yocto-queue": {
            "version": "1.0.0"
        }
    }
}
